
Microsoft Visual Studio Solution File, Format Version 12.00
# Visual Studio Version 17
VisualStudioVersion = 17.0.32112.339
MinimumVisualStudioVersion = 10.0.40219.1
Project("{FAE04EC0-301F-11D3-BF4B-00C04F79EFBC}") = "WpfAppEinstieg", "WpfAppEinstieg\WpfAppEinstieg.csproj", "{27F5F1C7-7791-483C-989C-0093056A36B4}"
EndProject
Project("{FAE04EC0-301F-11D3-BF4B-00C04F79EFBC}") = "Ein und Ausgaben", "Ein und Ausgaben\Ein und Ausgaben.csproj", "{20DF2912-23C0-4D27-BEE6-59F085C0344C}"
EndProject
Project("{FAE04EC0-301F-11D3-BF4B-00C04F79EFBC}") = "ZinsRechner", "ZinsRechner\ZinsRechner.csproj", "{B66C6D1C-D2E9-4EDA-A86E-5B853931465F}"
EndProject
Project("{FAE04EC0-301F-11D3-BF4B-00C04F79EFBC}") = "WpfAppListen", "WpfAppListen\WpfAppListen.csproj", "{585B1100-4FDA-415C-969A-5B2DC639907D}"
EndProject
Global
	GlobalSection(SolutionConfigurationPlatforms) = preSolution
		Debug|Any CPU = Debug|Any CPU
		Release|Any CPU = Release|Any CPU
	EndGlobalSection
	GlobalSection(ProjectConfigurationPlatforms) = postSolution
		{27F5F1C7-7791-483C-989C-0093056A36B4}.Debug|Any CPU.ActiveCfg = Debug|Any CPU
		{27F5F1C7-7791-483C-989C-0093056A36B4}.Debug|Any CPU.Build.0 = Debug|Any CPU
		{27F5F1C7-7791-483C-989C-0093056A36B4}.Release|Any CPU.ActiveCfg = Release|Any CPU
		{27F5F1C7-7791-483C-989C-0093056A36B4}.Release|Any CPU.Build.0 = Release|Any CPU
		{20DF2912-23C0-4D27-BEE6-59F085C0344C}.Debug|Any CPU.ActiveCfg = Debug|Any CPU
		{20DF2912-23C0-4D27-BEE6-59F085C0344C}.Debug|Any CPU.Build.0 = Debug|Any CPU
		{20DF2912-23C0-4D27-BEE6-59F085C0344C}.Release|Any CPU.ActiveCfg = Release|Any CPU
		{20DF2912-23C0-4D27-BEE6-59F085C0344C}.Release|Any CPU.Build.0 = Release|Any CPU
		{B66C6D1C-D2E9-4EDA-A86E-5B853931465F}.Debug|Any CPU.ActiveCfg = Debug|Any CPU
		{B66C6D1C-D2E9-4EDA-A86E-5B853931465F}.Debug|Any CPU.Build.0 = Debug|Any CPU
		{B66C6D1C-D2E9-4EDA-A86E-5B853931465F}.Release|Any CPU.ActiveCfg = Release|Any CPU
		{B66C6D1C-D2E9-4EDA-A86E-5B853931465F}.Release|Any CPU.Build.0 = Release|Any CPU
		{585B1100-4FDA-415C-969A-5B2DC639907D}.Debug|Any CPU.ActiveCfg = Debug|Any CPU
		{585B1100-4FDA-415C-969A-5B2DC639907D}.Debug|Any CPU.Build.0 = Debug|Any CPU
		{585B1100-4FDA-415C-969A-5B2DC639907D}.Release|Any CPU.ActiveCfg = Release|Any CPU
		{585B1100-4FDA-415C-969A-5B2DC639907D}.Release|Any CPU.Build.0 = Release|Any CPU
	EndGlobalSection
	GlobalSection(SolutionProperties) = preSolution
		HideSolutionNode = FALSE
	EndGlobalSection
	GlobalSection(ExtensibilityGlobals) = postSolution
		SolutionGuid = {F0F08B6A-E7A3-4ED4-A86F-60FA4BA11925}
	EndGlobalSection
EndGlobal
