
Microsoft Visual Studio Solution File, Format Version 12.00
# Visual Studio Version 17
VisualStudioVersion = 17.0.32112.339
MinimumVisualStudioVersion = 10.0.40219.1
Project("{FAE04EC0-301F-11D3-BF4B-00C04F79EFBC}") = "WpfAppEinstieg", "WpfAppEinstieg\WpfAppEinstieg.csproj", "{27F5F1C7-7791-483C-989C-0093056A36B4}"
EndProject
Global
	GlobalSection(SolutionConfigurationPlatforms) = preSolution
		Debug|Any CPU = Debug|Any CPU
		Release|Any CPU = Release|Any CPU
	EndGlobalSection
	GlobalSection(ProjectConfigurationPlatforms) = postSolution
		{27F5F1C7-7791-483C-989C-0093056A36B4}.Debug|Any CPU.ActiveCfg = Debug|Any CPU
		{27F5F1C7-7791-483C-989C-0093056A36B4}.Debug|Any CPU.Build.0 = Debug|Any CPU
		{27F5F1C7-7791-483C-989C-0093056A36B4}.Release|Any CPU.ActiveCfg = Release|Any CPU
		{27F5F1C7-7791-483C-989C-0093056A36B4}.Release|Any CPU.Build.0 = Release|Any CPU
	EndGlobalSection
	GlobalSection(SolutionProperties) = preSolution
		HideSolutionNode = FALSE
	EndGlobalSection
	GlobalSection(ExtensibilityGlobals) = postSolution
		SolutionGuid = {F0F08B6A-E7A3-4ED4-A86F-60FA4BA11925}
	EndGlobalSection
EndGlobal
