
Microsoft Visual Studio Solution File, Format Version 12.00
# Visual Studio Version 17
VisualStudioVersion = 17.0.32112.339
MinimumVisualStudioVersion = 10.0.40219.1
Project("{FAE04EC0-301F-11D3-BF4B-00C04F79EFBC}") = "WpfAppDB1", "WpfAppDB1\WpfAppDB1.csproj", "{7AEDB004-E5F7-4DEF-8E44-EBB1A0088006}"
EndProject
Global
	GlobalSection(SolutionConfigurationPlatforms) = preSolution
		Debug|Any CPU = Debug|Any CPU
		Release|Any CPU = Release|Any CPU
	EndGlobalSection
	GlobalSection(ProjectConfigurationPlatforms) = postSolution
		{7AEDB004-E5F7-4DEF-8E44-EBB1A0088006}.Debug|Any CPU.ActiveCfg = Debug|Any CPU
		{7AEDB004-E5F7-4DEF-8E44-EBB1A0088006}.Debug|Any CPU.Build.0 = Debug|Any CPU
		{7AEDB004-E5F7-4DEF-8E44-EBB1A0088006}.Release|Any CPU.ActiveCfg = Release|Any CPU
		{7AEDB004-E5F7-4DEF-8E44-EBB1A0088006}.Release|Any CPU.Build.0 = Release|Any CPU
	EndGlobalSection
	GlobalSection(SolutionProperties) = preSolution
		HideSolutionNode = FALSE
	EndGlobalSection
	GlobalSection(ExtensibilityGlobals) = postSolution
		SolutionGuid = {2EECABED-0D43-41E3-9510-6A1CE3F5CFEC}
	EndGlobalSection
EndGlobal
