
Microsoft Visual Studio Solution File, Format Version 12.00
# Visual Studio Version 17
VisualStudioVersion = 17.0.32112.339
MinimumVisualStudioVersion = 10.0.40219.1
Project("{FAE04EC0-301F-11D3-BF4B-00C04F79EFBC}") = "HausTierManager", "HausTierManager\HausTierManager.csproj", "{05BDA80F-6487-466D-84CA-7B6C9ED9DFD7}"
EndProject
Project("{FAE04EC0-301F-11D3-BF4B-00C04F79EFBC}") = "WindowsFormsAppFaehre", "WindowsFormsAppFaehre\WindowsFormsAppFaehre.csproj", "{EE876B0D-E98D-4489-A4EA-F0B3221EE237}"
EndProject
Project("{FAE04EC0-301F-11D3-BF4B-00C04F79EFBC}") = "WindowsFormsAppDelegateEinführung", "WindowsFormsAppDelegateEinführung\WindowsFormsAppDelegateEinführung\WindowsFormsAppDelegateEinführung.csproj", "{53D36354-AD10-4801-BFFC-5F9265099D3F}"
EndProject
Project("{FAE04EC0-301F-11D3-BF4B-00C04F79EFBC}") = "WindowsFormsAppFaehreVorlage", "1_Faehre_OhneDel\WindowsFormsAppFaehreVorlage\WindowsFormsAppFaehreVorlage.csproj", "{2149798B-A92A-4759-B290-DCA2789AEC96}"
EndProject
Project("{9A19103F-16F7-4668-BE54-9A1E7A4F7556}") = "WinFormsAppHaustierVorlage", "WinFormsAppHaustierVorlage\WinFormsAppHaustierVorlage\WinFormsAppHaustierVorlage.csproj", "{2116F837-CB2F-4B5D-A311-96E38130C243}"
EndProject
Project("{FAE04EC0-301F-11D3-BF4B-00C04F79EFBC}") = "WindowsFormsAppEimer", "WindowsFormsAppEimer\WindowsFormsAppEimer.csproj", "{A7127A9C-5D9B-487E-A1BA-FA6A4DC17ACE}"
EndProject
Project("{FAE04EC0-301F-11D3-BF4B-00C04F79EFBC}") = "WindowsFormsAppQuiz", "WindowsFormsAppQuiz\WindowsFormsAppQuiz.csproj", "{E415A6F5-D42F-48ED-9D72-5AF634E14961}"
EndProject
Global
	GlobalSection(SolutionConfigurationPlatforms) = preSolution
		Debug|Any CPU = Debug|Any CPU
		Release|Any CPU = Release|Any CPU
	EndGlobalSection
	GlobalSection(ProjectConfigurationPlatforms) = postSolution
		{05BDA80F-6487-466D-84CA-7B6C9ED9DFD7}.Debug|Any CPU.ActiveCfg = Debug|Any CPU
		{05BDA80F-6487-466D-84CA-7B6C9ED9DFD7}.Debug|Any CPU.Build.0 = Debug|Any CPU
		{05BDA80F-6487-466D-84CA-7B6C9ED9DFD7}.Release|Any CPU.ActiveCfg = Release|Any CPU
		{05BDA80F-6487-466D-84CA-7B6C9ED9DFD7}.Release|Any CPU.Build.0 = Release|Any CPU
		{EE876B0D-E98D-4489-A4EA-F0B3221EE237}.Debug|Any CPU.ActiveCfg = Debug|Any CPU
		{EE876B0D-E98D-4489-A4EA-F0B3221EE237}.Debug|Any CPU.Build.0 = Debug|Any CPU
		{EE876B0D-E98D-4489-A4EA-F0B3221EE237}.Release|Any CPU.ActiveCfg = Release|Any CPU
		{EE876B0D-E98D-4489-A4EA-F0B3221EE237}.Release|Any CPU.Build.0 = Release|Any CPU
		{53D36354-AD10-4801-BFFC-5F9265099D3F}.Debug|Any CPU.ActiveCfg = Debug|Any CPU
		{53D36354-AD10-4801-BFFC-5F9265099D3F}.Debug|Any CPU.Build.0 = Debug|Any CPU
		{53D36354-AD10-4801-BFFC-5F9265099D3F}.Release|Any CPU.ActiveCfg = Release|Any CPU
		{53D36354-AD10-4801-BFFC-5F9265099D3F}.Release|Any CPU.Build.0 = Release|Any CPU
		{2149798B-A92A-4759-B290-DCA2789AEC96}.Debug|Any CPU.ActiveCfg = Debug|Any CPU
		{2149798B-A92A-4759-B290-DCA2789AEC96}.Debug|Any CPU.Build.0 = Debug|Any CPU
		{2149798B-A92A-4759-B290-DCA2789AEC96}.Release|Any CPU.ActiveCfg = Release|Any CPU
		{2149798B-A92A-4759-B290-DCA2789AEC96}.Release|Any CPU.Build.0 = Release|Any CPU
		{2116F837-CB2F-4B5D-A311-96E38130C243}.Debug|Any CPU.ActiveCfg = Debug|Any CPU
		{2116F837-CB2F-4B5D-A311-96E38130C243}.Debug|Any CPU.Build.0 = Debug|Any CPU
		{2116F837-CB2F-4B5D-A311-96E38130C243}.Release|Any CPU.ActiveCfg = Release|Any CPU
		{2116F837-CB2F-4B5D-A311-96E38130C243}.Release|Any CPU.Build.0 = Release|Any CPU
		{A7127A9C-5D9B-487E-A1BA-FA6A4DC17ACE}.Debug|Any CPU.ActiveCfg = Debug|Any CPU
		{A7127A9C-5D9B-487E-A1BA-FA6A4DC17ACE}.Debug|Any CPU.Build.0 = Debug|Any CPU
		{A7127A9C-5D9B-487E-A1BA-FA6A4DC17ACE}.Release|Any CPU.ActiveCfg = Release|Any CPU
		{A7127A9C-5D9B-487E-A1BA-FA6A4DC17ACE}.Release|Any CPU.Build.0 = Release|Any CPU
		{E415A6F5-D42F-48ED-9D72-5AF634E14961}.Debug|Any CPU.ActiveCfg = Debug|Any CPU
		{E415A6F5-D42F-48ED-9D72-5AF634E14961}.Debug|Any CPU.Build.0 = Debug|Any CPU
		{E415A6F5-D42F-48ED-9D72-5AF634E14961}.Release|Any CPU.ActiveCfg = Release|Any CPU
		{E415A6F5-D42F-48ED-9D72-5AF634E14961}.Release|Any CPU.Build.0 = Release|Any CPU
	EndGlobalSection
	GlobalSection(SolutionProperties) = preSolution
		HideSolutionNode = FALSE
	EndGlobalSection
	GlobalSection(ExtensibilityGlobals) = postSolution
		SolutionGuid = {51B4E77C-6A11-4A85-AC52-DBBDA45077D3}
	EndGlobalSection
EndGlobal
